// !$*UTF8*$!
{
	archiveVersion = 1;
	classes = {
	};
	objectVersion = 56;
	objects = {

/* Begin PBXBuildFile section */
		DC6C8C6A2A10035800E1637C /* AppDelegate.swift in Sources */ = {isa = PBXBuildFile; fileRef = DC6C8C692A10035800E1637C /* AppDelegate.swift */; };
		DC6C8C6C2A10035800E1637C /* SceneDelegate.swift in Sources */ = {isa = PBXBuildFile; fileRef = DC6C8C6B2A10035800E1637C /* SceneDelegate.swift */; };
		DC6C8C6E2A10035800E1637C /* ViewController.swift in Sources */ = {isa = PBXBuildFile; fileRef = DC6C8C6D2A10035800E1637C /* ViewController.swift */; };
		DC6C8C712A10035800E1637C /* Main.storyboard in Resources */ = {isa = PBXBuildFile; fileRef = DC6C8C6F2A10035800E1637C /* Main.storyboard */; };
		DC6C8C732A10035900E1637C /* Assets.xcassets in Resources */ = {isa = PBXBuildFile; fileRef = DC6C8C722A10035900E1637C /* Assets.xcassets */; };
		DC6C8C762A10035900E1637C /* LaunchScreen.storyboard in Resources */ = {isa = PBXBuildFile; fileRef = DC6C8C742A10035900E1637C /* LaunchScreen.storyboard */; };
		DC6C8C9A2A11018B00E1637C /* R1280x0.png in Resources */ = {isa = PBXBuildFile; fileRef = DC6C8C992A11018B00E1637C /* R1280x0.png */; };
		DC6C8C9C2A11067100E1637C /* SecondViewController.swift in Sources */ = {isa = PBXBuildFile; fileRef = DC6C8C9B2A11067100E1637C /* SecondViewController.swift */; };
/* End PBXBuildFile section */

/* Begin PBXContainerItemProxy section */
		DC6C8C7D2A10035A00E1637C /* PBXContainerItemProxy */ = {
			isa = PBXContainerItemProxy;
			containerPortal = DC6C8C5E2A10035800E1637C /* Project object */;
			proxyType = 1;
			remoteGlobalIDString = DC6C8C652A10035800E1637C;
			remoteInfo = SampleUiKit;
		};
		DC6C8C872A10035A00E1637C /* PBXContainerItemProxy */ = {
			isa = PBXContainerItemProxy;
			containerPortal = DC6C8C5E2A10035800E1637C /* Project object */;
			proxyType = 1;
			remoteGlobalIDString = DC6C8C652A10035800E1637C;
			remoteInfo = SampleUiKit;
		};
/* End PBXContainerItemProxy section */

/* Begin PBXFileReference section */
		DC6C8C662A10035800E1637C /* SampleUiKit.app */ = {isa = PBXFileReference; explicitFileType = wrapper.application; includeInIndex = 0; path = SampleUiKit.app; sourceTree = BUILT_PRODUCTS_DIR; };
		DC6C8C692A10035800E1637C /* AppDelegate.swift */ = {isa = PBXFileReference; lastKnownFileType = sourcecode.swift; path = AppDelegate.swift; sourceTree = "<group>"; };
		DC6C8C6B2A10035800E1637C /* SceneDelegate.swift */ = {isa = PBXFileReference; lastKnownFileType = sourcecode.swift; path = SceneDelegate.swift; sourceTree = "<group>"; };
		DC6C8C6D2A10035800E1637C /* ViewController.swift */ = {isa = PBXFileReference; lastKnownFileType = sourcecode.swift; path = ViewController.swift; sourceTree = "<group>"; };
		DC6C8C702A10035800E1637C /* Base */ = {isa = PBXFileReference; lastKnownFileType = file.storyboard; name = Base; path = Base.lproj/Main.storyboard; sourceTree = "<group>"; };
		DC6C8C722A10035900E1637C /* Assets.xcassets */ = {isa = PBXFileReference; lastKnownFileType = folder.assetcatalog; path = Assets.xcassets; sourceTree = "<group>"; };
		DC6C8C752A10035900E1637C /* Base */ = {isa = PBXFileReference; lastKnownFileType = file.storyboard; name = Base; path = Base.lproj/LaunchScreen.storyboard; sourceTree = "<group>"; };
		DC6C8C772A10035900E1637C /* Info.plist */ = {isa = PBXFileReference; lastKnownFileType = text.plist.xml; path = Info.plist; sourceTree = "<group>"; };
		DC6C8C7C2A10035A00E1637C /* SampleUiKitTests.xctest */ = {isa = PBXFileReference; explicitFileType = wrapper.cfbundle; includeInIndex = 0; path = SampleUiKitTests.xctest; sourceTree = BUILT_PRODUCTS_DIR; };
		DC6C8C862A10035A00E1637C /* SampleUiKitUITests.xctest */ = {isa = PBXFileReference; explicitFileType = wrapper.cfbundle; includeInIndex = 0; path = SampleUiKitUITests.xctest; sourceTree = BUILT_PRODUCTS_DIR; };
		DC6C8C992A11018B00E1637C /* R1280x0.png */ = {isa = PBXFileReference; lastKnownFileType = image.png; path = R1280x0.png; sourceTree = "<group>"; };
		DC6C8C9B2A11067100E1637C /* SecondViewController.swift */ = {isa = PBXFileReference; lastKnownFileType = sourcecode.swift; path = SecondViewController.swift; sourceTree = "<group>"; };
/* End PBXFileReference section */

/* Begin PBXFrameworksBuildPhase section */
		DC6C8C632A10035800E1637C /* Frameworks */ = {
			isa = PBXFrameworksBuildPhase;
			buildActionMask = 2147483647;
			files = (
			);
			runOnlyForDeploymentPostprocessing = 0;
		};
		DC6C8C792A10035A00E1637C /* Frameworks */ = {
			isa = PBXFrameworksBuildPhase;
			buildActionMask = 2147483647;
			files = (
			);
			runOnlyForDeploymentPostprocessing = 0;
		};
		DC6C8C832A10035A00E1637C /* Frameworks */ = {
			isa = PBXFrameworksBuildPhase;
			buildActionMask = 2147483647;
			files = (
			);
			runOnlyForDeploymentPostprocessing = 0;
		};
/* End PBXFrameworksBuildPhase section */

/* Begin PBXGroup section */
		DC6C8C5D2A10035800E1637C = {
			isa = PBXGroup;
			children = (
				DC6C8C682A10035800E1637C /* SampleUiKit */,
				DC6C8C672A10035800E1637C /* Products */,
			);
			sourceTree = "<group>";
		};
		DC6C8C672A10035800E1637C /* Products */ = {
			isa = PBXGroup;
			children = (
				DC6C8C662A10035800E1637C /* SampleUiKit.app */,
				DC6C8C7C2A10035A00E1637C /* SampleUiKitTests.xctest */,
				DC6C8C862A10035A00E1637C /* SampleUiKitUITests.xctest */,
			);
			name = Products;
			sourceTree = "<group>";
		};
		DC6C8C682A10035800E1637C /* SampleUiKit */ = {
			isa = PBXGroup;
			children = (
				DC6C8C992A11018B00E1637C /* R1280x0.png */,
				DC6C8C692A10035800E1637C /* AppDelegate.swift */,
				DC6C8C6B2A10035800E1637C /* SceneDelegate.swift */,
				DC6C8C6D2A10035800E1637C /* ViewController.swift */,
				DC6C8C6F2A10035800E1637C /* Main.storyboard */,
				DC6C8C9B2A11067100E1637C /* SecondViewController.swift */,
				DC6C8C722A10035900E1637C /* Assets.xcassets */,
				DC6C8C742A10035900E1637C /* LaunchScreen.storyboard */,
				DC6C8C772A10035900E1637C /* Info.plist */,
			);
			path = SampleUiKit;
			sourceTree = "<group>";
		};
/* End PBXGroup section */

/* Begin PBXNativeTarget section */
		DC6C8C652A10035800E1637C /* SampleUiKit */ = {
			isa = PBXNativeTarget;
			buildConfigurationList = DC6C8C902A10035A00E1637C /* Build configuration list for PBXNativeTarget "SampleUiKit" */;
			buildPhases = (
				DC6C8C622A10035800E1637C /* Sources */,
				DC6C8C632A10035800E1637C /* Frameworks */,
				DC6C8C642A10035800E1637C /* Resources */,
			);
			buildRules = (
			);
			dependencies = (
			);
			name = SampleUiKit;
			productName = SampleUiKit;
			productReference = DC6C8C662A10035800E1637C /* SampleUiKit.app */;
			productType = "com.apple.product-type.application";
		};
		DC6C8C7B2A10035A00E1637C /* SampleUiKitTests */ = {
			isa = PBXNativeTarget;
			buildConfigurationList = DC6C8C932A10035A00E1637C /* Build configuration list for PBXNativeTarget "SampleUiKitTests" */;
			buildPhases = (
				DC6C8C782A10035A00E1637C /* Sources */,
				DC6C8C792A10035A00E1637C /* Frameworks */,
				DC6C8C7A2A10035A00E1637C /* Resources */,
			);
			buildRules = (
			);
			dependencies = (
				DC6C8C7E2A10035A00E1637C /* PBXTargetDependency */,
			);
			name = SampleUiKitTests;
			productName = SampleUiKitTests;
			productReference = DC6C8C7C2A10035A00E1637C /* SampleUiKitTests.xctest */;
			productType = "com.apple.product-type.bundle.unit-test";
		};
		DC6C8C852A10035A00E1637C /* SampleUiKitUITests */ = {
			isa = PBXNativeTarget;
			buildConfigurationList = DC6C8C962A10035A00E1637C /* Build configuration list for PBXNativeTarget "SampleUiKitUITests" */;
			buildPhases = (
				DC6C8C822A10035A00E1637C /* Sources */,
				DC6C8C832A10035A00E1637C /* Frameworks */,
				DC6C8C842A10035A00E1637C /* Resources */,
			);
			buildRules = (
			);
			dependencies = (
				DC6C8C882A10035A00E1637C /* PBXTargetDependency */,
			);
			name = SampleUiKitUITests;
			productName = SampleUiKitUITests;
			productReference = DC6C8C862A10035A00E1637C /* SampleUiKitUITests.xctest */;
			productType = "com.apple.product-type.bundle.ui-testing";
		};
/* End PBXNativeTarget section */

/* Begin PBXProject section */
		DC6C8C5E2A10035800E1637C /* Project object */ = {
			isa = PBXProject;
			attributes = {
				BuildIndependentTargetsInParallel = 1;
				LastSwiftUpdateCheck = 1420;
				LastUpgradeCheck = 1420;
				TargetAttributes = {
					DC6C8C652A10035800E1637C = {
						CreatedOnToolsVersion = 14.2;
					};
					DC6C8C7B2A10035A00E1637C = {
						CreatedOnToolsVersion = 14.2;
						TestTargetID = DC6C8C652A10035800E1637C;
					};
					DC6C8C852A10035A00E1637C = {
						CreatedOnToolsVersion = 14.2;
						TestTargetID = DC6C8C652A10035800E1637C;
					};
				};
			};
			buildConfigurationList = DC6C8C612A10035800E1637C /* Build configuration list for PBXProject "SampleUiKit" */;
			compatibilityVersion = "Xcode 14.0";
			developmentRegion = en;
			hasScannedForEncodings = 0;
			knownRegions = (
				en,
				Base,
			);
			mainGroup = DC6C8C5D2A10035800E1637C;
			productRefGroup = DC6C8C672A10035800E1637C /* Products */;
			projectDirPath = "";
			projectRoot = "";
			targets = (
				DC6C8C652A10035800E1637C /* SampleUiKit */,
				DC6C8C7B2A10035A00E1637C /* SampleUiKitTests */,
				DC6C8C852A10035A00E1637C /* SampleUiKitUITests */,
			);
		};
/* End PBXProject section */

/* Begin PBXResourcesBuildPhase section */
		DC6C8C642A10035800E1637C /* Resources */ = {
			isa = PBXResourcesBuildPhase;
			buildActionMask = 2147483647;
			files = (
				DC6C8C762A10035900E1637C /* LaunchScreen.storyboard in Resources */,
				DC6C8C732A10035900E1637C /* Assets.xcassets in Resources */,
				DC6C8C712A10035800E1637C /* Main.storyboard in Resources */,
				DC6C8C9A2A11018B00E1637C /* R1280x0.png in Resources */,
			);
			runOnlyForDeploymentPostprocessing = 0;
		};
		DC6C8C7A2A10035A00E1637C /* Resources */ = {
			isa = PBXResourcesBuildPhase;
			buildActionMask = 2147483647;
			files = (
			);
			runOnlyForDeploymentPostprocessing = 0;
		};
		DC6C8C842A10035A00E1637C /* Resources */ = {
			isa = PBXResourcesBuildPhase;
			buildActionMask = 2147483647;
			files = (
			);
			runOnlyForDeploymentPostprocessing = 0;
		};
/* End PBXResourcesBuildPhase section */

/* Begin PBXSourcesBuildPhase section */
		DC6C8C622A10035800E1637C /* Sources */ = {
			isa = PBXSourcesBuildPhase;
			buildActionMask = 2147483647;
			files = (
				DC6C8C9C2A11067100E1637C /* SecondViewController.swift in Sources */,
				DC6C8C6E2A10035800E1637C /* ViewController.swift in Sources */,
				DC6C8C6A2A10035800E1637C /* AppDelegate.swift in Sources */,
				DC6C8C6C2A10035800E1637C /* SceneDelegate.swift in Sources */,
			);
			runOnlyForDeploymentPostprocessing = 0;
		};
		DC6C8C782A10035A00E1637C /* Sources */ = {
			isa = PBXSourcesBuildPhase;
			buildActionMask = 2147483647;
			files = (
			);
			runOnlyForDeploymentPostprocessing = 0;
		};
		DC6C8C822A10035A00E1637C /* Sources */ = {
			isa = PBXSourcesBuildPhase;
			buildActionMask = 2147483647;
			files = (
			);
			runOnlyForDeploymentPostprocessing = 0;
		};
/* End PBXSourcesBuildPhase section */

/* Begin PBXTargetDependency section */
		DC6C8C7E2A10035A00E1637C /* PBXTargetDependency */ = {
			isa = PBXTargetDependency;
			target = DC6C8C652A10035800E1637C /* SampleUiKit */;
			targetProxy = DC6C8C7D2A10035A00E1637C /* PBXContainerItemProxy */;
		};
		DC6C8C882A10035A00E1637C /* PBXTargetDependency */ = {
			isa = PBXTargetDependency;
			target = DC6C8C652A10035800E1637C /* SampleUiKit */;
			targetProxy = DC6C8C872A10035A00E1637C /* PBXContainerItemProxy */;
		};
/* End PBXTargetDependency section */

/* Begin PBXVariantGroup section */
		DC6C8C6F2A10035800E1637C /* Main.storyboard */ = {
			isa = PBXVariantGroup;
			children = (
				DC6C8C702A10035800E1637C /* Base */,
			);
			name = Main.storyboard;
			sourceTree = "<group>";
		};
		DC6C8C742A10035900E1637C /* LaunchScreen.storyboard */ = {
			isa = PBXVariantGroup;
			children = (
				DC6C8C752A10035900E1637C /* Base */,
			);
			name = LaunchScreen.storyboard;
			sourceTree = "<group>";
		};
/* End PBXVariantGroup section */

/* Begin XCBuildConfiguration section */
		DC6C8C8E2A10035A00E1637C /* Debug */ = {
			isa = XCBuildConfiguration;
			buildSettings = {
				ALWAYS_SEARCH_USER_PATHS = NO;
				CLANG_ANALYZER_NONNULL = YES;
				CLANG_ANALYZER_NUMBER_OBJECT_CONVERSION = YES_AGGRESSIVE;
				CLANG_CXX_LANGUAGE_STANDARD = "gnu++20";
				CLANG_ENABLE_MODULES = YES;
				CLANG_ENABLE_OBJC_ARC = YES;
				CLANG_ENABLE_OBJC_WEAK = YES;
				CLANG_WARN_BLOCK_CAPTURE_AUTORELEASING = YES;
				CLANG_WARN_BOOL_CONVERSION = YES;
				CLANG_WARN_COMMA = YES;
				CLANG_WARN_CONSTANT_CONVERSION = YES;
				CLANG_WARN_DEPRECATED_OBJC_IMPLEMENTATIONS = YES;
				CLANG_WARN_DIRECT_OBJC_ISA_USAGE = YES_ERROR;
				CLANG_WARN_DOCUMENTATION_COMMENTS = YES;
				CLANG_WARN_EMPTY_BODY = YES;
				CLANG_WARN_ENUM_CONVERSION = YES;
				CLANG_WARN_INFINITE_RECURSION = YES;
				CLANG_WARN_INT_CONVERSION = YES;
				CLANG_WARN_NON_LITERAL_NULL_CONVERSION = YES;
				CLANG_WARN_OBJC_IMPLICIT_RETAIN_SELF = YES;
				CLANG_WARN_OBJC_LITERAL_CONVERSION = YES;
				CLANG_WARN_OBJC_ROOT_CLASS = YES_ERROR;
				CLANG_WARN_QUOTED_INCLUDE_IN_FRAMEWORK_HEADER = YES;
				CLANG_WARN_RANGE_LOOP_ANALYSIS = YES;
				CLANG_WARN_STRICT_PROTOTYPES = YES;
				CLANG_WARN_SUSPICIOUS_MOVE = YES;
				CLANG_WARN_UNGUARDED_AVAILABILITY = YES_AGGRESSIVE;
				CLANG_WARN_UNREACHABLE_CODE = YES;
				CLANG_WARN__DUPLICATE_METHOD_MATCH = YES;
				COPY_PHASE_STRIP = NO;
				DEBUG_INFORMATION_FORMAT = dwarf;
				ENABLE_STRICT_OBJC_MSGSEND = YES;
				ENABLE_TESTABILITY = YES;
				GCC_C_LANGUAGE_STANDARD = gnu11;
				GCC_DYNAMIC_NO_PIC = NO;
				GCC_NO_COMMON_BLOCKS = YES;
				GCC_OPTIMIZATION_LEVEL = 0;
				GCC_PREPROCESSOR_DEFINITIONS = (
					"DEBUG=1",
					"$(inherited)",
				);
				GCC_WARN_64_TO_32_BIT_CONVERSION = YES;
				GCC_WARN_ABOUT_RETURN_TYPE = YES_ERROR;
				GCC_WARN_UNDECLARED_SELECTOR = YES;
				GCC_WARN_UNINITIALIZED_AUTOS = YES_AGGRESSIVE;
				GCC_WARN_UNUSED_FUNCTION = YES;
				GCC_WARN_UNUSED_VARIABLE = YES;
				IPHONEOS_DEPLOYMENT_TARGET = 16.2;
				MTL_ENABLE_DEBUG_INFO = INCLUDE_SOURCE;
				MTL_FAST_MATH = YES;
				ONLY_ACTIVE_ARCH = YES;
				SDKROOT = iphoneos;
				SWIFT_ACTIVE_COMPILATION_CONDITIONS = DEBUG;
				SWIFT_OPTIMIZATION_LEVEL = "-Onone";
			};
			name = Debug;
		};
		DC6C8C8F2A10035A00E1637C /* Release */ = {
			isa = XCBuildConfiguration;
			buildSettings = {
				ALWAYS_SEARCH_USER_PATHS = NO;
				CLANG_ANALYZER_NONNULL = YES;
				CLANG_ANALYZER_NUMBER_OBJECT_CONVERSION = YES_AGGRESSIVE;
				CLANG_CXX_LANGUAGE_STANDARD = "gnu++20";
				CLANG_ENABLE_MODULES = YES;
				CLANG_ENABLE_OBJC_ARC = YES;
				CLANG_ENABLE_OBJC_WEAK = YES;
				CLANG_WARN_BLOCK_CAPTURE_AUTORELEASING = YES;
				CLANG_WARN_BOOL_CONVERSION = YES;
				CLANG_WARN_COMMA = YES;
				CLANG_WARN_CONSTANT_CONVERSION = YES;
				CLANG_WARN_DEPRECATED_OBJC_IMPLEMENTATIONS = YES;
				CLANG_WARN_DIRECT_OBJC_ISA_USAGE = YES_ERROR;
				CLANG_WARN_DOCUMENTATION_COMMENTS = YES;
				CLANG_WARN_EMPTY_BODY = YES;
				CLANG_WARN_ENUM_CONVERSION = YES;
				CLANG_WARN_INFINITE_RECURSION = YES;
				CLANG_WARN_INT_CONVERSION = YES;
				CLANG_WARN_NON_LITERAL_NULL_CONVERSION = YES;
				CLANG_WARN_OBJC_IMPLICIT_RETAIN_SELF = YES;
				CLANG_WARN_OBJC_LITERAL_CONVERSION = YES;
				CLANG_WARN_OBJC_ROOT_CLASS = YES_ERROR;
				CLANG_WARN_QUOTED_INCLUDE_IN_FRAMEWORK_HEADER = YES;
				CLANG_WARN_RANGE_LOOP_ANALYSIS = YES;
				CLANG_WARN_STRICT_PROTOTYPES = YES;
				CLANG_WARN_SUSPICIOUS_MOVE = YES;
				CLANG_WARN_UNGUARDED_AVAILABILITY = YES_AGGRESSIVE;
				CLANG_WARN_UNREACHABLE_CODE = YES;
				CLANG_WARN__DUPLICATE_METHOD_MATCH = YES;
				COPY_PHASE_STRIP = NO;
				DEBUG_INFORMATION_FORMAT = "dwarf-with-dsym";
				ENABLE_NS_ASSERTIONS = NO;
				ENABLE_STRICT_OBJC_MSGSEND = YES;
				GCC_C_LANGUAGE_STANDARD = gnu11;
				GCC_NO_COMMON_BLOCKS = YES;
				GCC_WARN_64_TO_32_BIT_CONVERSION = YES;
				GCC_WARN_ABOUT_RETURN_TYPE = YES_ERROR;
				GCC_WARN_UNDECLARED_SELECTOR = YES;
				GCC_WARN_UNINITIALIZED_AUTOS = YES_AGGRESSIVE;
				GCC_WARN_UNUSED_FUNCTION = YES;
				GCC_WARN_UNUSED_VARIABLE = YES;
				IPHONEOS_DEPLOYMENT_TARGET = 16.2;
				MTL_ENABLE_DEBUG_INFO = NO;
				MTL_FAST_MATH = YES;
				SDKROOT = iphoneos;
				SWIFT_COMPILATION_MODE = wholemodule;
				SWIFT_OPTIMIZATION_LEVEL = "-O";
				VALIDATE_PRODUCT = YES;
			};
			name = Release;
		};
		DC6C8C912A10035A00E1637C /* Debug */ = {
			isa = XCBuildConfiguration;
			buildSettings = {
				ASSETCATALOG_COMPILER_APPICON_NAME = AppIcon;
				ASSETCATALOG_COMPILER_GLOBAL_ACCENT_COLOR_NAME = AccentColor;
				CODE_SIGN_STYLE = Automatic;
				CURRENT_PROJECT_VERSION = 1;
				GENERATE_INFOPLIST_FILE = YES;
				INFOPLIST_FILE = SampleUiKit/Info.plist;
				INFOPLIST_KEY_CFBundleDisplayName = 01TestApp;
				INFOPLIST_KEY_UIApplicationSupportsIndirectInputEvents = YES;
				INFOPLIST_KEY_UILaunchStoryboardName = LaunchScreen;
				INFOPLIST_KEY_UIMainStoryboardFile = Main;
				INFOPLIST_KEY_UISupportedInterfaceOrientations_iPad = "UIInterfaceOrientationPortrait UIInterfaceOrientationPortraitUpsideDown UIInterfaceOrientationLandscapeLeft UIInterfaceOrientationLandscapeRight";
				INFOPLIST_KEY_UISupportedInterfaceOrientations_iPhone = "UIInterfaceOrientationPortrait UIInterfaceOrientationLandscapeLeft UIInterfaceOrientationLandscapeRight";
				LD_RUNPATH_SEARCH_PATHS = (
					"$(inherited)",
					"@executable_path/Frameworks",
				);
				MARKETING_VERSION = 1.0;
				PRODUCT_BUNDLE_IDENTIFIER = com.idinaloq.SampleUiKit;
				PRODUCT_NAME = "$(TARGET_NAME)";
				SWIFT_EMIT_LOC_STRINGS = YES;
				SWIFT_VERSION = 5.0;
				TARGETED_DEVICE_FAMILY = "1,2";
			};
			name = Debug;
		};
		DC6C8C922A10035A00E1637C /* Release */ = {
			isa = XCBuildConfiguration;
			buildSettings = {
				ASSETCATALOG_COMPILER_APPICON_NAME = AppIcon;
				ASSETCATALOG_COMPILER_GLOBAL_ACCENT_COLOR_NAME = AccentColor;
				CODE_SIGN_STYLE = Automatic;
				CURRENT_PROJECT_VERSION = 1;
				GENERATE_INFOPLIST_FILE = YES;
				INFOPLIST_FILE = SampleUiKit/Info.plist;
				INFOPLIST_KEY_CFBundleDisplayName = 01TestApp;
				INFOPLIST_KEY_UIApplicationSupportsIndirectInputEvents = YES;
				INFOPLIST_KEY_UILaunchStoryboardName = LaunchScreen;
				INFOPLIST_KEY_UIMainStoryboardFile = Main;
				INFOPLIST_KEY_UISupportedInterfaceOrientations_iPad = "UIInterfaceOrientationPortrait UIInterfaceOrientationPortraitUpsideDown UIInterfaceOrientationLandscapeLeft UIInterfaceOrientationLandscapeRight";
				INFOPLIST_KEY_UISupportedInterfaceOrientations_iPhone = "UIInterfaceOrientationPortrait UIInterfaceOrientationLandscapeLeft UIInterfaceOrientationLandscapeRight";
				LD_RUNPATH_SEARCH_PATHS = (
					"$(inherited)",
					"@executable_path/Frameworks",
				);
				MARKETING_VERSION = 1.0;
				PRODUCT_BUNDLE_IDENTIFIER = com.idinaloq.SampleUiKit;
				PRODUCT_NAME = "$(TARGET_NAME)";
				SWIFT_EMIT_LOC_STRINGS = YES;
				SWIFT_VERSION = 5.0;
				TARGETED_DEVICE_FAMILY = "1,2";
			};
			name = Release;
		};
		DC6C8C942A10035A00E1637C /* Debug */ = {
			isa = XCBuildConfiguration;
			buildSettings = {
				ALWAYS_EMBED_SWIFT_STANDARD_LIBRARIES = YES;
				BUNDLE_LOADER = "$(TEST_HOST)";
				CODE_SIGN_STYLE = Automatic;
				CURRENT_PROJECT_VERSION = 1;
				GENERATE_INFOPLIST_FILE = YES;
				IPHONEOS_DEPLOYMENT_TARGET = 16.2;
				MARKETING_VERSION = 1.0;
				PRODUCT_BUNDLE_IDENTIFIER = com.idinaloq.SampleUiKitTests;
				PRODUCT_NAME = "$(TARGET_NAME)";
				SWIFT_EMIT_LOC_STRINGS = NO;
				SWIFT_VERSION = 5.0;
				TARGETED_DEVICE_FAMILY = "1,2";
				TEST_HOST = "$(BUILT_PRODUCTS_DIR)/SampleUiKit.app/$(BUNDLE_EXECUTABLE_FOLDER_PATH)/SampleUiKit";
			};
			name = Debug;
		};
		DC6C8C952A10035A00E1637C /* Release */ = {
			isa = XCBuildConfiguration;
			buildSettings = {
				ALWAYS_EMBED_SWIFT_STANDARD_LIBRARIES = YES;
				BUNDLE_LOADER = "$(TEST_HOST)";
				CODE_SIGN_STYLE = Automatic;
				CURRENT_PROJECT_VERSION = 1;
				GENERATE_INFOPLIST_FILE = YES;
				IPHONEOS_DEPLOYMENT_TARGET = 16.2;
				MARKETING_VERSION = 1.0;
				PRODUCT_BUNDLE_IDENTIFIER = com.idinaloq.SampleUiKitTests;
				PRODUCT_NAME = "$(TARGET_NAME)";
				SWIFT_EMIT_LOC_STRINGS = NO;
				SWIFT_VERSION = 5.0;
				TARGETED_DEVICE_FAMILY = "1,2";
				TEST_HOST = "$(BUILT_PRODUCTS_DIR)/SampleUiKit.app/$(BUNDLE_EXECUTABLE_FOLDER_PATH)/SampleUiKit";
			};
			name = Release;
		};
		DC6C8C972A10035A00E1637C /* Debug */ = {
			isa = XCBuildConfiguration;
			buildSettings = {
				ALWAYS_EMBED_SWIFT_STANDARD_LIBRARIES = YES;
				CODE_SIGN_STYLE = Automatic;
				CURRENT_PROJECT_VERSION = 1;
				GENERATE_INFOPLIST_FILE = YES;
				MARKETING_VERSION = 1.0;
				PRODUCT_BUNDLE_IDENTIFIER = com.idinaloq.SampleUiKitUITests;
				PRODUCT_NAME = "$(TARGET_NAME)";
				SWIFT_EMIT_LOC_STRINGS = NO;
				SWIFT_VERSION = 5.0;
				TARGETED_DEVICE_FAMILY = "1,2";
				TEST_TARGET_NAME = SampleUiKit;
			};
			name = Debug;
		};
		DC6C8C982A10035A00E1637C /* Release */ = {
			isa = XCBuildConfiguration;
			buildSettings = {
				ALWAYS_EMBED_SWIFT_STANDARD_LIBRARIES = YES;
				CODE_SIGN_STYLE = Automatic;
				CURRENT_PROJECT_VERSION = 1;
				GENERATE_INFOPLIST_FILE = YES;
				MARKETING_VERSION = 1.0;
				PRODUCT_BUNDLE_IDENTIFIER = com.idinaloq.SampleUiKitUITests;
				PRODUCT_NAME = "$(TARGET_NAME)";
				SWIFT_EMIT_LOC_STRINGS = NO;
				SWIFT_VERSION = 5.0;
				TARGETED_DEVICE_FAMILY = "1,2";
				TEST_TARGET_NAME = SampleUiKit;
			};
			name = Release;
		};
/* End XCBuildConfiguration section */

/* Begin XCConfigurationList section */
		DC6C8C612A10035800E1637C /* Build configuration list for PBXProject "SampleUiKit" */ = {
			isa = XCConfigurationList;
			buildConfigurations = (
				DC6C8C8E2A10035A00E1637C /* Debug */,
				DC6C8C8F2A10035A00E1637C /* Release */,
			);
			defaultConfigurationIsVisible = 0;
			defaultConfigurationName = Release;
		};
		DC6C8C902A10035A00E1637C /* Build configuration list for PBXNativeTarget "SampleUiKit" */ = {
			isa = XCConfigurationList;
			buildConfigurations = (
				DC6C8C912A10035A00E1637C /* Debug */,
				DC6C8C922A10035A00E1637C /* Release */,
			);
			defaultConfigurationIsVisible = 0;
			defaultConfigurationName = Release;
		};
		DC6C8C932A10035A00E1637C /* Build configuration list for PBXNativeTarget "SampleUiKitTests" */ = {
			isa = XCConfigurationList;
			buildConfigurations = (
				DC6C8C942A10035A00E1637C /* Debug */,
				DC6C8C952A10035A00E1637C /* Release */,
			);
			defaultConfigurationIsVisible = 0;
			defaultConfigurationName = Release;
		};
		DC6C8C962A10035A00E1637C /* Build configuration list for PBXNativeTarget "SampleUiKitUITests" */ = {
			isa = XCConfigurationList;
			buildConfigurations = (
				DC6C8C972A10035A00E1637C /* Debug */,
				DC6C8C982A10035A00E1637C /* Release */,
			);
			defaultConfigurationIsVisible = 0;
			defaultConfigurationName = Release;
		};
/* End XCConfigurationList section */
	};
	rootObject = DC6C8C5E2A10035800E1637C /* Project object */;
}
