// !$*UTF8*$!
{
	archiveVersion = 1;
	classes = {
	};
	objectVersion = 56;
	objects = {

/* Begin PBXBuildFile section */
		DC4B121B2A5E519E00DA7A68 /* main.swift in Sources */ = {isa = PBXBuildFile; fileRef = DC4B121A2A5E519E00DA7A68 /* main.swift */; };
		DC4B12222A5E520A00DA7A68 /* Node.swift in Sources */ = {isa = PBXBuildFile; fileRef = DC4B12212A5E520A00DA7A68 /* Node.swift */; };
		DC4B12242A5E521500DA7A68 /* LinkedList.swift in Sources */ = {isa = PBXBuildFile; fileRef = DC4B12232A5E521500DA7A68 /* LinkedList.swift */; };
		DC4B122C2A5E525000DA7A68 /* LinkedListTests.swift in Sources */ = {isa = PBXBuildFile; fileRef = DC4B122B2A5E525000DA7A68 /* LinkedListTests.swift */; };
/* End PBXBuildFile section */

/* Begin PBXCopyFilesBuildPhase section */
		DC4B12152A5E519E00DA7A68 /* CopyFiles */ = {
			isa = PBXCopyFilesBuildPhase;
			buildActionMask = 2147483647;
			dstPath = /usr/share/man/man1/;
			dstSubfolderSpec = 0;
			files = (
			);
			runOnlyForDeploymentPostprocessing = 1;
		};
/* End PBXCopyFilesBuildPhase section */

/* Begin PBXFileReference section */
		DC4B12172A5E519E00DA7A68 /* test_commandline */ = {isa = PBXFileReference; explicitFileType = "compiled.mach-o.executable"; includeInIndex = 0; path = test_commandline; sourceTree = BUILT_PRODUCTS_DIR; };
		DC4B121A2A5E519E00DA7A68 /* main.swift */ = {isa = PBXFileReference; lastKnownFileType = sourcecode.swift; path = main.swift; sourceTree = "<group>"; };
		DC4B12212A5E520A00DA7A68 /* Node.swift */ = {isa = PBXFileReference; lastKnownFileType = sourcecode.swift; path = Node.swift; sourceTree = "<group>"; };
		DC4B12232A5E521500DA7A68 /* LinkedList.swift */ = {isa = PBXFileReference; lastKnownFileType = sourcecode.swift; path = LinkedList.swift; sourceTree = "<group>"; };
		DC4B12292A5E525000DA7A68 /* LinkedListTests.xctest */ = {isa = PBXFileReference; explicitFileType = wrapper.cfbundle; includeInIndex = 0; path = LinkedListTests.xctest; sourceTree = BUILT_PRODUCTS_DIR; };
		DC4B122B2A5E525000DA7A68 /* LinkedListTests.swift */ = {isa = PBXFileReference; lastKnownFileType = sourcecode.swift; path = LinkedListTests.swift; sourceTree = "<group>"; };
/* End PBXFileReference section */

/* Begin PBXFrameworksBuildPhase section */
		DC4B12142A5E519E00DA7A68 /* Frameworks */ = {
			isa = PBXFrameworksBuildPhase;
			buildActionMask = 2147483647;
			files = (
			);
			runOnlyForDeploymentPostprocessing = 0;
		};
		DC4B12262A5E525000DA7A68 /* Frameworks */ = {
			isa = PBXFrameworksBuildPhase;
			buildActionMask = 2147483647;
			files = (
			);
			runOnlyForDeploymentPostprocessing = 0;
		};
/* End PBXFrameworksBuildPhase section */

/* Begin PBXGroup section */
		DC4B120E2A5E519E00DA7A68 = {
			isa = PBXGroup;
			children = (
				DC4B12192A5E519E00DA7A68 /* test_commandline */,
				DC4B122A2A5E525000DA7A68 /* LinkedListTests */,
				DC4B12182A5E519E00DA7A68 /* Products */,
			);
			sourceTree = "<group>";
		};
		DC4B12182A5E519E00DA7A68 /* Products */ = {
			isa = PBXGroup;
			children = (
				DC4B12172A5E519E00DA7A68 /* test_commandline */,
				DC4B12292A5E525000DA7A68 /* LinkedListTests.xctest */,
			);
			name = Products;
			sourceTree = "<group>";
		};
		DC4B12192A5E519E00DA7A68 /* test_commandline */ = {
			isa = PBXGroup;
			children = (
				DC4B121A2A5E519E00DA7A68 /* main.swift */,
				DC4B12212A5E520A00DA7A68 /* Node.swift */,
				DC4B12232A5E521500DA7A68 /* LinkedList.swift */,
			);
			path = test_commandline;
			sourceTree = "<group>";
		};
		DC4B122A2A5E525000DA7A68 /* LinkedListTests */ = {
			isa = PBXGroup;
			children = (
				DC4B122B2A5E525000DA7A68 /* LinkedListTests.swift */,
			);
			path = LinkedListTests;
			sourceTree = "<group>";
		};
/* End PBXGroup section */

/* Begin PBXNativeTarget section */
		DC4B12162A5E519E00DA7A68 /* test_commandline */ = {
			isa = PBXNativeTarget;
			buildConfigurationList = DC4B121E2A5E519E00DA7A68 /* Build configuration list for PBXNativeTarget "test_commandline" */;
			buildPhases = (
				DC4B12132A5E519E00DA7A68 /* Sources */,
				DC4B12142A5E519E00DA7A68 /* Frameworks */,
				DC4B12152A5E519E00DA7A68 /* CopyFiles */,
			);
			buildRules = (
			);
			dependencies = (
			);
			name = test_commandline;
			productName = test_commandline;
			productReference = DC4B12172A5E519E00DA7A68 /* test_commandline */;
			productType = "com.apple.product-type.tool";
		};
		DC4B12282A5E525000DA7A68 /* LinkedListTests */ = {
			isa = PBXNativeTarget;
			buildConfigurationList = DC4B122D2A5E525000DA7A68 /* Build configuration list for PBXNativeTarget "LinkedListTests" */;
			buildPhases = (
				DC4B12252A5E525000DA7A68 /* Sources */,
				DC4B12262A5E525000DA7A68 /* Frameworks */,
				DC4B12272A5E525000DA7A68 /* Resources */,
			);
			buildRules = (
			);
			dependencies = (
			);
			name = LinkedListTests;
			productName = LinkedListTests;
			productReference = DC4B12292A5E525000DA7A68 /* LinkedListTests.xctest */;
			productType = "com.apple.product-type.bundle.unit-test";
		};
/* End PBXNativeTarget section */

/* Begin PBXProject section */
		DC4B120F2A5E519E00DA7A68 /* Project object */ = {
			isa = PBXProject;
			attributes = {
				BuildIndependentTargetsInParallel = 1;
				LastSwiftUpdateCheck = 1430;
				LastUpgradeCheck = 1430;
				TargetAttributes = {
					DC4B12162A5E519E00DA7A68 = {
						CreatedOnToolsVersion = 14.3.1;
					};
					DC4B12282A5E525000DA7A68 = {
						CreatedOnToolsVersion = 14.3.1;
					};
				};
			};
			buildConfigurationList = DC4B12122A5E519E00DA7A68 /* Build configuration list for PBXProject "test_commandline" */;
			compatibilityVersion = "Xcode 14.0";
			developmentRegion = en;
			hasScannedForEncodings = 0;
			knownRegions = (
				en,
				Base,
			);
			mainGroup = DC4B120E2A5E519E00DA7A68;
			productRefGroup = DC4B12182A5E519E00DA7A68 /* Products */;
			projectDirPath = "";
			projectRoot = "";
			targets = (
				DC4B12162A5E519E00DA7A68 /* test_commandline */,
				DC4B12282A5E525000DA7A68 /* LinkedListTests */,
			);
		};
/* End PBXProject section */

/* Begin PBXResourcesBuildPhase section */
		DC4B12272A5E525000DA7A68 /* Resources */ = {
			isa = PBXResourcesBuildPhase;
			buildActionMask = 2147483647;
			files = (
			);
			runOnlyForDeploymentPostprocessing = 0;
		};
/* End PBXResourcesBuildPhase section */

/* Begin PBXSourcesBuildPhase section */
		DC4B12132A5E519E00DA7A68 /* Sources */ = {
			isa = PBXSourcesBuildPhase;
			buildActionMask = 2147483647;
			files = (
				DC4B12242A5E521500DA7A68 /* LinkedList.swift in Sources */,
				DC4B121B2A5E519E00DA7A68 /* main.swift in Sources */,
				DC4B12222A5E520A00DA7A68 /* Node.swift in Sources */,
			);
			runOnlyForDeploymentPostprocessing = 0;
		};
		DC4B12252A5E525000DA7A68 /* Sources */ = {
			isa = PBXSourcesBuildPhase;
			buildActionMask = 2147483647;
			files = (
				DC4B122C2A5E525000DA7A68 /* LinkedListTests.swift in Sources */,
			);
			runOnlyForDeploymentPostprocessing = 0;
		};
/* End PBXSourcesBuildPhase section */

/* Begin XCBuildConfiguration section */
		DC4B121C2A5E519E00DA7A68 /* Debug */ = {
			isa = XCBuildConfiguration;
			buildSettings = {
				ALWAYS_SEARCH_USER_PATHS = NO;
				CLANG_ANALYZER_NONNULL = YES;
				CLANG_ANALYZER_NUMBER_OBJECT_CONVERSION = YES_AGGRESSIVE;
				CLANG_CXX_LANGUAGE_STANDARD = "gnu++20";
				CLANG_ENABLE_MODULES = YES;
				CLANG_ENABLE_OBJC_ARC = YES;
				CLANG_ENABLE_OBJC_WEAK = YES;
				CLANG_WARN_BLOCK_CAPTURE_AUTORELEASING = YES;
				CLANG_WARN_BOOL_CONVERSION = YES;
				CLANG_WARN_COMMA = YES;
				CLANG_WARN_CONSTANT_CONVERSION = YES;
				CLANG_WARN_DEPRECATED_OBJC_IMPLEMENTATIONS = YES;
				CLANG_WARN_DIRECT_OBJC_ISA_USAGE = YES_ERROR;
				CLANG_WARN_DOCUMENTATION_COMMENTS = YES;
				CLANG_WARN_EMPTY_BODY = YES;
				CLANG_WARN_ENUM_CONVERSION = YES;
				CLANG_WARN_INFINITE_RECURSION = YES;
				CLANG_WARN_INT_CONVERSION = YES;
				CLANG_WARN_NON_LITERAL_NULL_CONVERSION = YES;
				CLANG_WARN_OBJC_IMPLICIT_RETAIN_SELF = YES;
				CLANG_WARN_OBJC_LITERAL_CONVERSION = YES;
				CLANG_WARN_OBJC_ROOT_CLASS = YES_ERROR;
				CLANG_WARN_QUOTED_INCLUDE_IN_FRAMEWORK_HEADER = YES;
				CLANG_WARN_RANGE_LOOP_ANALYSIS = YES;
				CLANG_WARN_STRICT_PROTOTYPES = YES;
				CLANG_WARN_SUSPICIOUS_MOVE = YES;
				CLANG_WARN_UNGUARDED_AVAILABILITY = YES_AGGRESSIVE;
				CLANG_WARN_UNREACHABLE_CODE = YES;
				CLANG_WARN__DUPLICATE_METHOD_MATCH = YES;
				COPY_PHASE_STRIP = NO;
				DEBUG_INFORMATION_FORMAT = dwarf;
				ENABLE_STRICT_OBJC_MSGSEND = YES;
				ENABLE_TESTABILITY = YES;
				GCC_C_LANGUAGE_STANDARD = gnu11;
				GCC_DYNAMIC_NO_PIC = NO;
				GCC_NO_COMMON_BLOCKS = YES;
				GCC_OPTIMIZATION_LEVEL = 0;
				GCC_PREPROCESSOR_DEFINITIONS = (
					"DEBUG=1",
					"$(inherited)",
				);
				GCC_WARN_64_TO_32_BIT_CONVERSION = YES;
				GCC_WARN_ABOUT_RETURN_TYPE = YES_ERROR;
				GCC_WARN_UNDECLARED_SELECTOR = YES;
				GCC_WARN_UNINITIALIZED_AUTOS = YES_AGGRESSIVE;
				GCC_WARN_UNUSED_FUNCTION = YES;
				GCC_WARN_UNUSED_VARIABLE = YES;
				MACOSX_DEPLOYMENT_TARGET = 13.3;
				MTL_ENABLE_DEBUG_INFO = INCLUDE_SOURCE;
				MTL_FAST_MATH = YES;
				ONLY_ACTIVE_ARCH = YES;
				SDKROOT = macosx;
				SWIFT_ACTIVE_COMPILATION_CONDITIONS = DEBUG;
				SWIFT_OPTIMIZATION_LEVEL = "-Onone";
			};
			name = Debug;
		};
		DC4B121D2A5E519E00DA7A68 /* Release */ = {
			isa = XCBuildConfiguration;
			buildSettings = {
				ALWAYS_SEARCH_USER_PATHS = NO;
				CLANG_ANALYZER_NONNULL = YES;
				CLANG_ANALYZER_NUMBER_OBJECT_CONVERSION = YES_AGGRESSIVE;
				CLANG_CXX_LANGUAGE_STANDARD = "gnu++20";
				CLANG_ENABLE_MODULES = YES;
				CLANG_ENABLE_OBJC_ARC = YES;
				CLANG_ENABLE_OBJC_WEAK = YES;
				CLANG_WARN_BLOCK_CAPTURE_AUTORELEASING = YES;
				CLANG_WARN_BOOL_CONVERSION = YES;
				CLANG_WARN_COMMA = YES;
				CLANG_WARN_CONSTANT_CONVERSION = YES;
				CLANG_WARN_DEPRECATED_OBJC_IMPLEMENTATIONS = YES;
				CLANG_WARN_DIRECT_OBJC_ISA_USAGE = YES_ERROR;
				CLANG_WARN_DOCUMENTATION_COMMENTS = YES;
				CLANG_WARN_EMPTY_BODY = YES;
				CLANG_WARN_ENUM_CONVERSION = YES;
				CLANG_WARN_INFINITE_RECURSION = YES;
				CLANG_WARN_INT_CONVERSION = YES;
				CLANG_WARN_NON_LITERAL_NULL_CONVERSION = YES;
				CLANG_WARN_OBJC_IMPLICIT_RETAIN_SELF = YES;
				CLANG_WARN_OBJC_LITERAL_CONVERSION = YES;
				CLANG_WARN_OBJC_ROOT_CLASS = YES_ERROR;
				CLANG_WARN_QUOTED_INCLUDE_IN_FRAMEWORK_HEADER = YES;
				CLANG_WARN_RANGE_LOOP_ANALYSIS = YES;
				CLANG_WARN_STRICT_PROTOTYPES = YES;
				CLANG_WARN_SUSPICIOUS_MOVE = YES;
				CLANG_WARN_UNGUARDED_AVAILABILITY = YES_AGGRESSIVE;
				CLANG_WARN_UNREACHABLE_CODE = YES;
				CLANG_WARN__DUPLICATE_METHOD_MATCH = YES;
				COPY_PHASE_STRIP = NO;
				DEBUG_INFORMATION_FORMAT = "dwarf-with-dsym";
				ENABLE_NS_ASSERTIONS = NO;
				ENABLE_STRICT_OBJC_MSGSEND = YES;
				GCC_C_LANGUAGE_STANDARD = gnu11;
				GCC_NO_COMMON_BLOCKS = YES;
				GCC_WARN_64_TO_32_BIT_CONVERSION = YES;
				GCC_WARN_ABOUT_RETURN_TYPE = YES_ERROR;
				GCC_WARN_UNDECLARED_SELECTOR = YES;
				GCC_WARN_UNINITIALIZED_AUTOS = YES_AGGRESSIVE;
				GCC_WARN_UNUSED_FUNCTION = YES;
				GCC_WARN_UNUSED_VARIABLE = YES;
				MACOSX_DEPLOYMENT_TARGET = 13.3;
				MTL_ENABLE_DEBUG_INFO = NO;
				MTL_FAST_MATH = YES;
				SDKROOT = macosx;
				SWIFT_COMPILATION_MODE = wholemodule;
				SWIFT_OPTIMIZATION_LEVEL = "-O";
			};
			name = Release;
		};
		DC4B121F2A5E519E00DA7A68 /* Debug */ = {
			isa = XCBuildConfiguration;
			buildSettings = {
				CODE_SIGN_STYLE = Automatic;
				PRODUCT_NAME = "$(TARGET_NAME)";
				SWIFT_VERSION = 5.0;
			};
			name = Debug;
		};
		DC4B12202A5E519E00DA7A68 /* Release */ = {
			isa = XCBuildConfiguration;
			buildSettings = {
				CODE_SIGN_STYLE = Automatic;
				PRODUCT_NAME = "$(TARGET_NAME)";
				SWIFT_VERSION = 5.0;
			};
			name = Release;
		};
		DC4B122E2A5E525000DA7A68 /* Debug */ = {
			isa = XCBuildConfiguration;
			buildSettings = {
				CODE_SIGN_STYLE = Automatic;
				CURRENT_PROJECT_VERSION = 1;
				GENERATE_INFOPLIST_FILE = YES;
				IPHONEOS_DEPLOYMENT_TARGET = 16.4;
				MACOSX_DEPLOYMENT_TARGET = 13.3;
				MARKETING_VERSION = 1.0;
				PRODUCT_BUNDLE_IDENTIFIER = com.idinaloq.LinkedListTests;
				PRODUCT_NAME = "$(TARGET_NAME)";
				SDKROOT = auto;
				SUPPORTED_PLATFORMS = "iphoneos iphonesimulator macosx";
				SWIFT_EMIT_LOC_STRINGS = NO;
				SWIFT_VERSION = 5.0;
				TARGETED_DEVICE_FAMILY = "1,2";
			};
			name = Debug;
		};
		DC4B122F2A5E525000DA7A68 /* Release */ = {
			isa = XCBuildConfiguration;
			buildSettings = {
				CODE_SIGN_STYLE = Automatic;
				CURRENT_PROJECT_VERSION = 1;
				GENERATE_INFOPLIST_FILE = YES;
				IPHONEOS_DEPLOYMENT_TARGET = 16.4;
				MACOSX_DEPLOYMENT_TARGET = 13.3;
				MARKETING_VERSION = 1.0;
				PRODUCT_BUNDLE_IDENTIFIER = com.idinaloq.LinkedListTests;
				PRODUCT_NAME = "$(TARGET_NAME)";
				SDKROOT = auto;
				SUPPORTED_PLATFORMS = "iphoneos iphonesimulator macosx";
				SWIFT_EMIT_LOC_STRINGS = NO;
				SWIFT_VERSION = 5.0;
				TARGETED_DEVICE_FAMILY = "1,2";
			};
			name = Release;
		};
/* End XCBuildConfiguration section */

/* Begin XCConfigurationList section */
		DC4B12122A5E519E00DA7A68 /* Build configuration list for PBXProject "test_commandline" */ = {
			isa = XCConfigurationList;
			buildConfigurations = (
				DC4B121C2A5E519E00DA7A68 /* Debug */,
				DC4B121D2A5E519E00DA7A68 /* Release */,
			);
			defaultConfigurationIsVisible = 0;
			defaultConfigurationName = Release;
		};
		DC4B121E2A5E519E00DA7A68 /* Build configuration list for PBXNativeTarget "test_commandline" */ = {
			isa = XCConfigurationList;
			buildConfigurations = (
				DC4B121F2A5E519E00DA7A68 /* Debug */,
				DC4B12202A5E519E00DA7A68 /* Release */,
			);
			defaultConfigurationIsVisible = 0;
			defaultConfigurationName = Release;
		};
		DC4B122D2A5E525000DA7A68 /* Build configuration list for PBXNativeTarget "LinkedListTests" */ = {
			isa = XCConfigurationList;
			buildConfigurations = (
				DC4B122E2A5E525000DA7A68 /* Debug */,
				DC4B122F2A5E525000DA7A68 /* Release */,
			);
			defaultConfigurationIsVisible = 0;
			defaultConfigurationName = Release;
		};
/* End XCConfigurationList section */
	};
	rootObject = DC4B120F2A5E519E00DA7A68 /* Project object */;
}
