// !$*UTF8*$!
{
	archiveVersion = 1;
	classes = {
	};
	objectVersion = 56;
	objects = {

/* Begin PBXBuildFile section */
		DC42BFB92A4AD7F80077210B /* AppDelegate.swift in Sources */ = {isa = PBXBuildFile; fileRef = DC42BFB82A4AD7F80077210B /* AppDelegate.swift */; };
		DC42BFBB2A4AD7F80077210B /* SceneDelegate.swift in Sources */ = {isa = PBXBuildFile; fileRef = DC42BFBA2A4AD7F80077210B /* SceneDelegate.swift */; };
		DC42BFBD2A4AD7F80077210B /* ViewController.swift in Sources */ = {isa = PBXBuildFile; fileRef = DC42BFBC2A4AD7F80077210B /* ViewController.swift */; };
		DC42BFC22A4AD7F90077210B /* Assets.xcassets in Resources */ = {isa = PBXBuildFile; fileRef = DC42BFC12A4AD7F90077210B /* Assets.xcassets */; };
		DC42BFC52A4AD7F90077210B /* LaunchScreen.storyboard in Resources */ = {isa = PBXBuildFile; fileRef = DC42BFC32A4AD7F90077210B /* LaunchScreen.storyboard */; };
		DC42BFCD2A4ADACB0077210B /* ExpositionUniverselle.swift in Sources */ = {isa = PBXBuildFile; fileRef = DC42BFCC2A4ADACB0077210B /* ExpositionUniverselle.swift */; };
		DC42BFCF2A4ADADF0077210B /* Item.swift in Sources */ = {isa = PBXBuildFile; fileRef = DC42BFCE2A4ADADF0077210B /* Item.swift */; };
		DC42BFD12A4AEE080077210B /* MyCircleView.swift in Sources */ = {isa = PBXBuildFile; fileRef = DC42BFD02A4AEE080077210B /* MyCircleView.swift */; };
/* End PBXBuildFile section */

/* Begin PBXFileReference section */
		DC42BFB52A4AD7F80077210B /* test_codebase.app */ = {isa = PBXFileReference; explicitFileType = wrapper.application; includeInIndex = 0; path = test_codebase.app; sourceTree = BUILT_PRODUCTS_DIR; };
		DC42BFB82A4AD7F80077210B /* AppDelegate.swift */ = {isa = PBXFileReference; lastKnownFileType = sourcecode.swift; path = AppDelegate.swift; sourceTree = "<group>"; };
		DC42BFBA2A4AD7F80077210B /* SceneDelegate.swift */ = {isa = PBXFileReference; lastKnownFileType = sourcecode.swift; path = SceneDelegate.swift; sourceTree = "<group>"; };
		DC42BFBC2A4AD7F80077210B /* ViewController.swift */ = {isa = PBXFileReference; lastKnownFileType = sourcecode.swift; path = ViewController.swift; sourceTree = "<group>"; };
		DC42BFC12A4AD7F90077210B /* Assets.xcassets */ = {isa = PBXFileReference; lastKnownFileType = folder.assetcatalog; path = Assets.xcassets; sourceTree = "<group>"; };
		DC42BFC42A4AD7F90077210B /* Base */ = {isa = PBXFileReference; lastKnownFileType = file.storyboard; name = Base; path = Base.lproj/LaunchScreen.storyboard; sourceTree = "<group>"; };
		DC42BFC62A4AD7F90077210B /* Info.plist */ = {isa = PBXFileReference; lastKnownFileType = text.plist.xml; path = Info.plist; sourceTree = "<group>"; };
		DC42BFCC2A4ADACB0077210B /* ExpositionUniverselle.swift */ = {isa = PBXFileReference; lastKnownFileType = sourcecode.swift; path = ExpositionUniverselle.swift; sourceTree = "<group>"; };
		DC42BFCE2A4ADADF0077210B /* Item.swift */ = {isa = PBXFileReference; lastKnownFileType = sourcecode.swift; path = Item.swift; sourceTree = "<group>"; };
		DC42BFD02A4AEE080077210B /* MyCircleView.swift */ = {isa = PBXFileReference; lastKnownFileType = sourcecode.swift; path = MyCircleView.swift; sourceTree = "<group>"; };
/* End PBXFileReference section */

/* Begin PBXFrameworksBuildPhase section */
		DC42BFB22A4AD7F80077210B /* Frameworks */ = {
			isa = PBXFrameworksBuildPhase;
			buildActionMask = 2147483647;
			files = (
			);
			runOnlyForDeploymentPostprocessing = 0;
		};
/* End PBXFrameworksBuildPhase section */

/* Begin PBXGroup section */
		DC42BFAC2A4AD7F80077210B = {
			isa = PBXGroup;
			children = (
				DC42BFB72A4AD7F80077210B /* test_codebase */,
				DC42BFB62A4AD7F80077210B /* Products */,
			);
			sourceTree = "<group>";
		};
		DC42BFB62A4AD7F80077210B /* Products */ = {
			isa = PBXGroup;
			children = (
				DC42BFB52A4AD7F80077210B /* test_codebase.app */,
			);
			name = Products;
			sourceTree = "<group>";
		};
		DC42BFB72A4AD7F80077210B /* test_codebase */ = {
			isa = PBXGroup;
			children = (
				DC42BFB82A4AD7F80077210B /* AppDelegate.swift */,
				DC42BFBA2A4AD7F80077210B /* SceneDelegate.swift */,
				DC42BFBC2A4AD7F80077210B /* ViewController.swift */,
				DC42BFC12A4AD7F90077210B /* Assets.xcassets */,
				DC42BFC32A4AD7F90077210B /* LaunchScreen.storyboard */,
				DC42BFC62A4AD7F90077210B /* Info.plist */,
				DC42BFCC2A4ADACB0077210B /* ExpositionUniverselle.swift */,
				DC42BFCE2A4ADADF0077210B /* Item.swift */,
				DC42BFD02A4AEE080077210B /* MyCircleView.swift */,
			);
			path = test_codebase;
			sourceTree = "<group>";
		};
/* End PBXGroup section */

/* Begin PBXNativeTarget section */
		DC42BFB42A4AD7F80077210B /* test_codebase */ = {
			isa = PBXNativeTarget;
			buildConfigurationList = DC42BFC92A4AD7F90077210B /* Build configuration list for PBXNativeTarget "test_codebase" */;
			buildPhases = (
				DC42BFB12A4AD7F80077210B /* Sources */,
				DC42BFB22A4AD7F80077210B /* Frameworks */,
				DC42BFB32A4AD7F80077210B /* Resources */,
			);
			buildRules = (
			);
			dependencies = (
			);
			name = test_codebase;
			productName = test_codebase;
			productReference = DC42BFB52A4AD7F80077210B /* test_codebase.app */;
			productType = "com.apple.product-type.application";
		};
/* End PBXNativeTarget section */

/* Begin PBXProject section */
		DC42BFAD2A4AD7F80077210B /* Project object */ = {
			isa = PBXProject;
			attributes = {
				BuildIndependentTargetsInParallel = 1;
				LastSwiftUpdateCheck = 1430;
				LastUpgradeCheck = 1430;
				TargetAttributes = {
					DC42BFB42A4AD7F80077210B = {
						CreatedOnToolsVersion = 14.3.1;
					};
				};
			};
			buildConfigurationList = DC42BFB02A4AD7F80077210B /* Build configuration list for PBXProject "test_codebase" */;
			compatibilityVersion = "Xcode 14.0";
			developmentRegion = en;
			hasScannedForEncodings = 0;
			knownRegions = (
				en,
				Base,
			);
			mainGroup = DC42BFAC2A4AD7F80077210B;
			productRefGroup = DC42BFB62A4AD7F80077210B /* Products */;
			projectDirPath = "";
			projectRoot = "";
			targets = (
				DC42BFB42A4AD7F80077210B /* test_codebase */,
			);
		};
/* End PBXProject section */

/* Begin PBXResourcesBuildPhase section */
		DC42BFB32A4AD7F80077210B /* Resources */ = {
			isa = PBXResourcesBuildPhase;
			buildActionMask = 2147483647;
			files = (
				DC42BFC52A4AD7F90077210B /* LaunchScreen.storyboard in Resources */,
				DC42BFC22A4AD7F90077210B /* Assets.xcassets in Resources */,
			);
			runOnlyForDeploymentPostprocessing = 0;
		};
/* End PBXResourcesBuildPhase section */

/* Begin PBXSourcesBuildPhase section */
		DC42BFB12A4AD7F80077210B /* Sources */ = {
			isa = PBXSourcesBuildPhase;
			buildActionMask = 2147483647;
			files = (
				DC42BFCF2A4ADADF0077210B /* Item.swift in Sources */,
				DC42BFBD2A4AD7F80077210B /* ViewController.swift in Sources */,
				DC42BFB92A4AD7F80077210B /* AppDelegate.swift in Sources */,
				DC42BFCD2A4ADACB0077210B /* ExpositionUniverselle.swift in Sources */,
				DC42BFD12A4AEE080077210B /* MyCircleView.swift in Sources */,
				DC42BFBB2A4AD7F80077210B /* SceneDelegate.swift in Sources */,
			);
			runOnlyForDeploymentPostprocessing = 0;
		};
/* End PBXSourcesBuildPhase section */

/* Begin PBXVariantGroup section */
		DC42BFC32A4AD7F90077210B /* LaunchScreen.storyboard */ = {
			isa = PBXVariantGroup;
			children = (
				DC42BFC42A4AD7F90077210B /* Base */,
			);
			name = LaunchScreen.storyboard;
			sourceTree = "<group>";
		};
/* End PBXVariantGroup section */

/* Begin XCBuildConfiguration section */
		DC42BFC72A4AD7F90077210B /* Debug */ = {
			isa = XCBuildConfiguration;
			buildSettings = {
				ALWAYS_SEARCH_USER_PATHS = NO;
				CLANG_ANALYZER_NONNULL = YES;
				CLANG_ANALYZER_NUMBER_OBJECT_CONVERSION = YES_AGGRESSIVE;
				CLANG_CXX_LANGUAGE_STANDARD = "gnu++20";
				CLANG_ENABLE_MODULES = YES;
				CLANG_ENABLE_OBJC_ARC = YES;
				CLANG_ENABLE_OBJC_WEAK = YES;
				CLANG_WARN_BLOCK_CAPTURE_AUTORELEASING = YES;
				CLANG_WARN_BOOL_CONVERSION = YES;
				CLANG_WARN_COMMA = YES;
				CLANG_WARN_CONSTANT_CONVERSION = YES;
				CLANG_WARN_DEPRECATED_OBJC_IMPLEMENTATIONS = YES;
				CLANG_WARN_DIRECT_OBJC_ISA_USAGE = YES_ERROR;
				CLANG_WARN_DOCUMENTATION_COMMENTS = YES;
				CLANG_WARN_EMPTY_BODY = YES;
				CLANG_WARN_ENUM_CONVERSION = YES;
				CLANG_WARN_INFINITE_RECURSION = YES;
				CLANG_WARN_INT_CONVERSION = YES;
				CLANG_WARN_NON_LITERAL_NULL_CONVERSION = YES;
				CLANG_WARN_OBJC_IMPLICIT_RETAIN_SELF = YES;
				CLANG_WARN_OBJC_LITERAL_CONVERSION = YES;
				CLANG_WARN_OBJC_ROOT_CLASS = YES_ERROR;
				CLANG_WARN_QUOTED_INCLUDE_IN_FRAMEWORK_HEADER = YES;
				CLANG_WARN_RANGE_LOOP_ANALYSIS = YES;
				CLANG_WARN_STRICT_PROTOTYPES = YES;
				CLANG_WARN_SUSPICIOUS_MOVE = YES;
				CLANG_WARN_UNGUARDED_AVAILABILITY = YES_AGGRESSIVE;
				CLANG_WARN_UNREACHABLE_CODE = YES;
				CLANG_WARN__DUPLICATE_METHOD_MATCH = YES;
				COPY_PHASE_STRIP = NO;
				DEBUG_INFORMATION_FORMAT = dwarf;
				ENABLE_STRICT_OBJC_MSGSEND = YES;
				ENABLE_TESTABILITY = YES;
				GCC_C_LANGUAGE_STANDARD = gnu11;
				GCC_DYNAMIC_NO_PIC = NO;
				GCC_NO_COMMON_BLOCKS = YES;
				GCC_OPTIMIZATION_LEVEL = 0;
				GCC_PREPROCESSOR_DEFINITIONS = (
					"DEBUG=1",
					"$(inherited)",
				);
				GCC_WARN_64_TO_32_BIT_CONVERSION = YES;
				GCC_WARN_ABOUT_RETURN_TYPE = YES_ERROR;
				GCC_WARN_UNDECLARED_SELECTOR = YES;
				GCC_WARN_UNINITIALIZED_AUTOS = YES_AGGRESSIVE;
				GCC_WARN_UNUSED_FUNCTION = YES;
				GCC_WARN_UNUSED_VARIABLE = YES;
				IPHONEOS_DEPLOYMENT_TARGET = 16.4;
				MTL_ENABLE_DEBUG_INFO = INCLUDE_SOURCE;
				MTL_FAST_MATH = YES;
				ONLY_ACTIVE_ARCH = YES;
				SDKROOT = iphoneos;
				SWIFT_ACTIVE_COMPILATION_CONDITIONS = DEBUG;
				SWIFT_OPTIMIZATION_LEVEL = "-Onone";
			};
			name = Debug;
		};
		DC42BFC82A4AD7F90077210B /* Release */ = {
			isa = XCBuildConfiguration;
			buildSettings = {
				ALWAYS_SEARCH_USER_PATHS = NO;
				CLANG_ANALYZER_NONNULL = YES;
				CLANG_ANALYZER_NUMBER_OBJECT_CONVERSION = YES_AGGRESSIVE;
				CLANG_CXX_LANGUAGE_STANDARD = "gnu++20";
				CLANG_ENABLE_MODULES = YES;
				CLANG_ENABLE_OBJC_ARC = YES;
				CLANG_ENABLE_OBJC_WEAK = YES;
				CLANG_WARN_BLOCK_CAPTURE_AUTORELEASING = YES;
				CLANG_WARN_BOOL_CONVERSION = YES;
				CLANG_WARN_COMMA = YES;
				CLANG_WARN_CONSTANT_CONVERSION = YES;
				CLANG_WARN_DEPRECATED_OBJC_IMPLEMENTATIONS = YES;
				CLANG_WARN_DIRECT_OBJC_ISA_USAGE = YES_ERROR;
				CLANG_WARN_DOCUMENTATION_COMMENTS = YES;
				CLANG_WARN_EMPTY_BODY = YES;
				CLANG_WARN_ENUM_CONVERSION = YES;
				CLANG_WARN_INFINITE_RECURSION = YES;
				CLANG_WARN_INT_CONVERSION = YES;
				CLANG_WARN_NON_LITERAL_NULL_CONVERSION = YES;
				CLANG_WARN_OBJC_IMPLICIT_RETAIN_SELF = YES;
				CLANG_WARN_OBJC_LITERAL_CONVERSION = YES;
				CLANG_WARN_OBJC_ROOT_CLASS = YES_ERROR;
				CLANG_WARN_QUOTED_INCLUDE_IN_FRAMEWORK_HEADER = YES;
				CLANG_WARN_RANGE_LOOP_ANALYSIS = YES;
				CLANG_WARN_STRICT_PROTOTYPES = YES;
				CLANG_WARN_SUSPICIOUS_MOVE = YES;
				CLANG_WARN_UNGUARDED_AVAILABILITY = YES_AGGRESSIVE;
				CLANG_WARN_UNREACHABLE_CODE = YES;
				CLANG_WARN__DUPLICATE_METHOD_MATCH = YES;
				COPY_PHASE_STRIP = NO;
				DEBUG_INFORMATION_FORMAT = "dwarf-with-dsym";
				ENABLE_NS_ASSERTIONS = NO;
				ENABLE_STRICT_OBJC_MSGSEND = YES;
				GCC_C_LANGUAGE_STANDARD = gnu11;
				GCC_NO_COMMON_BLOCKS = YES;
				GCC_WARN_64_TO_32_BIT_CONVERSION = YES;
				GCC_WARN_ABOUT_RETURN_TYPE = YES_ERROR;
				GCC_WARN_UNDECLARED_SELECTOR = YES;
				GCC_WARN_UNINITIALIZED_AUTOS = YES_AGGRESSIVE;
				GCC_WARN_UNUSED_FUNCTION = YES;
				GCC_WARN_UNUSED_VARIABLE = YES;
				IPHONEOS_DEPLOYMENT_TARGET = 16.4;
				MTL_ENABLE_DEBUG_INFO = NO;
				MTL_FAST_MATH = YES;
				SDKROOT = iphoneos;
				SWIFT_COMPILATION_MODE = wholemodule;
				SWIFT_OPTIMIZATION_LEVEL = "-O";
				VALIDATE_PRODUCT = YES;
			};
			name = Release;
		};
		DC42BFCA2A4AD7F90077210B /* Debug */ = {
			isa = XCBuildConfiguration;
			buildSettings = {
				ASSETCATALOG_COMPILER_APPICON_NAME = AppIcon;
				ASSETCATALOG_COMPILER_GLOBAL_ACCENT_COLOR_NAME = AccentColor;
				CODE_SIGN_STYLE = Automatic;
				CURRENT_PROJECT_VERSION = 1;
				GENERATE_INFOPLIST_FILE = YES;
				INFOPLIST_FILE = test_codebase/Info.plist;
				INFOPLIST_KEY_UIApplicationSupportsIndirectInputEvents = YES;
				INFOPLIST_KEY_UILaunchStoryboardName = LaunchScreen;
				INFOPLIST_KEY_UISupportedInterfaceOrientations_iPad = "UIInterfaceOrientationPortrait UIInterfaceOrientationPortraitUpsideDown UIInterfaceOrientationLandscapeLeft UIInterfaceOrientationLandscapeRight";
				INFOPLIST_KEY_UISupportedInterfaceOrientations_iPhone = "UIInterfaceOrientationPortrait UIInterfaceOrientationLandscapeLeft UIInterfaceOrientationLandscapeRight";
				LD_RUNPATH_SEARCH_PATHS = (
					"$(inherited)",
					"@executable_path/Frameworks",
				);
				MARKETING_VERSION = 1.0;
				PRODUCT_BUNDLE_IDENTIFIER = "com.idinaloq.test-codebase";
				PRODUCT_NAME = "$(TARGET_NAME)";
				SWIFT_EMIT_LOC_STRINGS = YES;
				SWIFT_VERSION = 5.0;
				TARGETED_DEVICE_FAMILY = "1,2";
			};
			name = Debug;
		};
		DC42BFCB2A4AD7F90077210B /* Release */ = {
			isa = XCBuildConfiguration;
			buildSettings = {
				ASSETCATALOG_COMPILER_APPICON_NAME = AppIcon;
				ASSETCATALOG_COMPILER_GLOBAL_ACCENT_COLOR_NAME = AccentColor;
				CODE_SIGN_STYLE = Automatic;
				CURRENT_PROJECT_VERSION = 1;
				GENERATE_INFOPLIST_FILE = YES;
				INFOPLIST_FILE = test_codebase/Info.plist;
				INFOPLIST_KEY_UIApplicationSupportsIndirectInputEvents = YES;
				INFOPLIST_KEY_UILaunchStoryboardName = LaunchScreen;
				INFOPLIST_KEY_UISupportedInterfaceOrientations_iPad = "UIInterfaceOrientationPortrait UIInterfaceOrientationPortraitUpsideDown UIInterfaceOrientationLandscapeLeft UIInterfaceOrientationLandscapeRight";
				INFOPLIST_KEY_UISupportedInterfaceOrientations_iPhone = "UIInterfaceOrientationPortrait UIInterfaceOrientationLandscapeLeft UIInterfaceOrientationLandscapeRight";
				LD_RUNPATH_SEARCH_PATHS = (
					"$(inherited)",
					"@executable_path/Frameworks",
				);
				MARKETING_VERSION = 1.0;
				PRODUCT_BUNDLE_IDENTIFIER = "com.idinaloq.test-codebase";
				PRODUCT_NAME = "$(TARGET_NAME)";
				SWIFT_EMIT_LOC_STRINGS = YES;
				SWIFT_VERSION = 5.0;
				TARGETED_DEVICE_FAMILY = "1,2";
			};
			name = Release;
		};
/* End XCBuildConfiguration section */

/* Begin XCConfigurationList section */
		DC42BFB02A4AD7F80077210B /* Build configuration list for PBXProject "test_codebase" */ = {
			isa = XCConfigurationList;
			buildConfigurations = (
				DC42BFC72A4AD7F90077210B /* Debug */,
				DC42BFC82A4AD7F90077210B /* Release */,
			);
			defaultConfigurationIsVisible = 0;
			defaultConfigurationName = Release;
		};
		DC42BFC92A4AD7F90077210B /* Build configuration list for PBXNativeTarget "test_codebase" */ = {
			isa = XCConfigurationList;
			buildConfigurations = (
				DC42BFCA2A4AD7F90077210B /* Debug */,
				DC42BFCB2A4AD7F90077210B /* Release */,
			);
			defaultConfigurationIsVisible = 0;
			defaultConfigurationName = Release;
		};
/* End XCConfigurationList section */
	};
	rootObject = DC42BFAD2A4AD7F80077210B /* Project object */;
}
